
Microsoft Visual Studio Solution File, Format Version 12.00
# Visual Studio Version 17
VisualStudioVersion = 17.5.002.0
MinimumVisualStudioVersion = 10.0.40219.1
Project("{9A19103F-16F7-4668-BE54-9A1E7A4F7556}") = "dotnet-demoapp", "src\dotnet-demoapp.csproj", "{E67C8C53-F326-4BC7-B6D2-DF735C1DA6E6}"
EndProject
Project("{9A19103F-16F7-4668-BE54-9A1E7A4F7556}") = "tests", "tests\tests.csproj", "{C73DEC49-B0B5-4EE4-BC8D-6E6C8E354061}"
EndProject
Global
	GlobalSection(SolutionConfigurationPlatforms) = preSolution
		Debug|Any CPU = Debug|Any CPU
		Release|Any CPU = Release|Any CPU
	EndGlobalSection
	GlobalSection(ProjectConfigurationPlatforms) = postSolution
		{E67C8C53-F326-4BC7-B6D2-DF735C1DA6E6}.Debug|Any CPU.ActiveCfg = Debug|Any CPU
		{E67C8C53-F326-4BC7-B6D2-DF735C1DA6E6}.Debug|Any CPU.Build.0 = Debug|Any CPU
		{E67C8C53-F326-4BC7-B6D2-DF735C1DA6E6}.Release|Any CPU.ActiveCfg = Release|Any CPU
		{E67C8C53-F326-4BC7-B6D2-DF735C1DA6E6}.Release|Any CPU.Build.0 = Release|Any CPU
		{C73DEC49-B0B5-4EE4-BC8D-6E6C8E354061}.Debug|Any CPU.ActiveCfg = Debug|Any CPU
		{C73DEC49-B0B5-4EE4-BC8D-6E6C8E354061}.Debug|Any CPU.Build.0 = Debug|Any CPU
		{C73DEC49-B0B5-4EE4-BC8D-6E6C8E354061}.Release|Any CPU.ActiveCfg = Release|Any CPU
		{C73DEC49-B0B5-4EE4-BC8D-6E6C8E354061}.Release|Any CPU.Build.0 = Release|Any CPU
	EndGlobalSection
	GlobalSection(SolutionProperties) = preSolution
		HideSolutionNode = FALSE
	EndGlobalSection
	GlobalSection(ExtensibilityGlobals) = postSolution
		SolutionGuid = {7CBE2B44-9508-40C2-9B30-AE96340CEAA6}
	EndGlobalSection
EndGlobal
